// !$*UTF8*$!
{
	archiveVersion = 1;
	classes = {
	};
	objectVersion = 50;
	objects = {

/* Begin PBXBuildFile section */
		45B1239D21579B0E00A94797 /* AppDelegate.swift in Sources */ = {isa = PBXBuildFile; fileRef = 45B1239C21579B0E00A94797 /* AppDelegate.swift */; };
		45B1239F21579B0E00A94797 /* ScientistListingController.swift in Sources */ = {isa = PBXBuildFile; fileRef = 45B1239E21579B0E00A94797 /* ScientistListingController.swift */; };
		45B123A221579B0E00A94797 /* Main.storyboard in Resources */ = {isa = PBXBuildFile; fileRef = 45B123A021579B0E00A94797 /* Main.storyboard */; };
		45B123A421579B0E00A94797 /* Assets.xcassets in Resources */ = {isa = PBXBuildFile; fileRef = 45B123A321579B0E00A94797 /* Assets.xcassets */; };
		45B123A721579B0E00A94797 /* LaunchScreen.storyboard in Resources */ = {isa = PBXBuildFile; fileRef = 45B123A521579B0E00A94797 /* LaunchScreen.storyboard */; };
		45B123AF21579B0E00A94797 /* ScientistOfTheDayCell.swift in Sources */ = {isa = PBXBuildFile; fileRef = 45B123AE21579B0E00A94797 /* ScientistOfTheDayCell.swift */; };
		45B123B121579B0E00A94797 /* DayCell.swift in Sources */ = {isa = PBXBuildFile; fileRef = 45B123B021579B0E00A94797 /* DayCell.swift */; };
		45B123D621579B0E00A94797 /* FontHelper.swift in Sources */ = {isa = PBXBuildFile; fileRef = 45B123D521579B0E00A94797 /* FontHelper.swift */; };
		45B123EA21579B0E00A94797 /* SF-UI-Text-SemiboldItalic.otf in Resources */ = {isa = PBXBuildFile; fileRef = 45B123D921579B0E00A94797 /* SF-UI-Text-SemiboldItalic.otf */; };
		45B123EB21579B0E00A94797 /* SF-UI-Text-RegularItalic.otf in Resources */ = {isa = PBXBuildFile; fileRef = 45B123DA21579B0E00A94797 /* SF-UI-Text-RegularItalic.otf */; };
		45B123EC21579B0E00A94797 /* SF-UI-Display-Ultralight.otf in Resources */ = {isa = PBXBuildFile; fileRef = 45B123DB21579B0E00A94797 /* SF-UI-Display-Ultralight.otf */; };
		45B123ED21579B0E00A94797 /* SF-UI-Text-Bold.otf in Resources */ = {isa = PBXBuildFile; fileRef = 45B123DC21579B0E00A94797 /* SF-UI-Text-Bold.otf */; };
		45B123EE21579B0E00A94797 /* SF-UI-Text-Regular.otf in Resources */ = {isa = PBXBuildFile; fileRef = 45B123DD21579B0E00A94797 /* SF-UI-Text-Regular.otf */; };
		45B123EF21579B0E00A94797 /* SF-UI-Text-BoldItalic.otf in Resources */ = {isa = PBXBuildFile; fileRef = 45B123DE21579B0E00A94797 /* SF-UI-Text-BoldItalic.otf */; };
		45B123F021579B0E00A94797 /* SF-UI-Text-Light.otf in Resources */ = {isa = PBXBuildFile; fileRef = 45B123DF21579B0E00A94797 /* SF-UI-Text-Light.otf */; };
		45B123F121579B0E00A94797 /* SF-UI-Text-MediumItalic.otf in Resources */ = {isa = PBXBuildFile; fileRef = 45B123E021579B0E00A94797 /* SF-UI-Text-MediumItalic.otf */; };
		45B123F221579B0E00A94797 /* SF-UI-Text-HeavyItalic.otf in Resources */ = {isa = PBXBuildFile; fileRef = 45B123E121579B0E00A94797 /* SF-UI-Text-HeavyItalic.otf */; };
		45B123F321579B0E00A94797 /* SF-UI-Text-LightItalic.otf in Resources */ = {isa = PBXBuildFile; fileRef = 45B123E221579B0E00A94797 /* SF-UI-Text-LightItalic.otf */; };
		45B123F421579B0E00A94797 /* SF-UI-Text-Medium.otf in Resources */ = {isa = PBXBuildFile; fileRef = 45B123E321579B0E00A94797 /* SF-UI-Text-Medium.otf */; };
		45B123F521579B0E00A94797 /* SF-UI-Text-Heavy.otf in Resources */ = {isa = PBXBuildFile; fileRef = 45B123E421579B0E00A94797 /* SF-UI-Text-Heavy.otf */; };
		45B123F621579B0E00A94797 /* SF-UI-Display-Thin.otf in Resources */ = {isa = PBXBuildFile; fileRef = 45B123E521579B0E00A94797 /* SF-UI-Display-Thin.otf */; };
		45B123F721579B0E00A94797 /* SF-UI-Text-Semibold.otf in Resources */ = {isa = PBXBuildFile; fileRef = 45B123E621579B0E00A94797 /* SF-UI-Text-Semibold.otf */; };
		45B123F821579B0E00A94797 /* Monotype  - CenturyGothicStd.otf in Resources */ = {isa = PBXBuildFile; fileRef = 45B123E821579B0E00A94797 /* Monotype  - CenturyGothicStd.otf */; };
		45B123F921579B0E00A94797 /* Monotype  - Century Gothic Bold.ttf in Resources */ = {isa = PBXBuildFile; fileRef = 45B123E921579B0E00A94797 /* Monotype  - Century Gothic Bold.ttf */; };
/* End PBXBuildFile section */

/* Begin PBXFileReference section */
		45B1239921579B0E00A94797 /* Scientist for the Day.app */ = {isa = PBXFileReference; explicitFileType = wrapper.application; includeInIndex = 0; path = "Scientist for the Day.app"; sourceTree = BUILT_PRODUCTS_DIR; };
		45B1239C21579B0E00A94797 /* AppDelegate.swift */ = {isa = PBXFileReference; lastKnownFileType = sourcecode.swift; path = AppDelegate.swift; sourceTree = "<group>"; };
		45B1239E21579B0E00A94797 /* ScientistListingController.swift */ = {isa = PBXFileReference; lastKnownFileType = sourcecode.swift; path = ScientistListingController.swift; sourceTree = "<group>"; };
		45B123A121579B0E00A94797 /* Base */ = {isa = PBXFileReference; lastKnownFileType = file.storyboard; name = Base; path = Base.lproj/Main.storyboard; sourceTree = "<group>"; };
		45B123A321579B0E00A94797 /* Assets.xcassets */ = {isa = PBXFileReference; lastKnownFileType = folder.assetcatalog; path = Assets.xcassets; sourceTree = "<group>"; };
		45B123A621579B0E00A94797 /* Base */ = {isa = PBXFileReference; lastKnownFileType = file.storyboard; name = Base; path = Base.lproj/LaunchScreen.storyboard; sourceTree = "<group>"; };
		45B123A821579B0E00A94797 /* Info.plist */ = {isa = PBXFileReference; lastKnownFileType = text.plist.xml; path = Info.plist; sourceTree = "<group>"; };
		45B123AE21579B0E00A94797 /* ScientistOfTheDayCell.swift */ = {isa = PBXFileReference; lastKnownFileType = sourcecode.swift; path = ScientistOfTheDayCell.swift; sourceTree = "<group>"; };
		45B123B021579B0E00A94797 /* DayCell.swift */ = {isa = PBXFileReference; lastKnownFileType = sourcecode.swift; path = DayCell.swift; sourceTree = "<group>"; };
		45B123D521579B0E00A94797 /* FontHelper.swift */ = {isa = PBXFileReference; lastKnownFileType = sourcecode.swift; path = FontHelper.swift; sourceTree = "<group>"; };
		45B123D921579B0E00A94797 /* SF-UI-Text-SemiboldItalic.otf */ = {isa = PBXFileReference; lastKnownFileType = file; path = "SF-UI-Text-SemiboldItalic.otf"; sourceTree = "<group>"; };
		45B123DA21579B0E00A94797 /* SF-UI-Text-RegularItalic.otf */ = {isa = PBXFileReference; lastKnownFileType = file; path = "SF-UI-Text-RegularItalic.otf"; sourceTree = "<group>"; };
		45B123DB21579B0E00A94797 /* SF-UI-Display-Ultralight.otf */ = {isa = PBXFileReference; lastKnownFileType = file; path = "SF-UI-Display-Ultralight.otf"; sourceTree = "<group>"; };
		45B123DC21579B0E00A94797 /* SF-UI-Text-Bold.otf */ = {isa = PBXFileReference; lastKnownFileType = file; path = "SF-UI-Text-Bold.otf"; sourceTree = "<group>"; };
		45B123DD21579B0E00A94797 /* SF-UI-Text-Regular.otf */ = {isa = PBXFileReference; lastKnownFileType = file; path = "SF-UI-Text-Regular.otf"; sourceTree = "<group>"; };
		45B123DE21579B0E00A94797 /* SF-UI-Text-BoldItalic.otf */ = {isa = PBXFileReference; lastKnownFileType = file; path = "SF-UI-Text-BoldItalic.otf"; sourceTree = "<group>"; };
		45B123DF21579B0E00A94797 /* SF-UI-Text-Light.otf */ = {isa = PBXFileReference; lastKnownFileType = file; path = "SF-UI-Text-Light.otf"; sourceTree = "<group>"; };
		45B123E021579B0E00A94797 /* SF-UI-Text-MediumItalic.otf */ = {isa = PBXFileReference; lastKnownFileType = file; path = "SF-UI-Text-MediumItalic.otf"; sourceTree = "<group>"; };
		45B123E121579B0E00A94797 /* SF-UI-Text-HeavyItalic.otf */ = {isa = PBXFileReference; lastKnownFileType = file; path = "SF-UI-Text-HeavyItalic.otf"; sourceTree = "<group>"; };
		45B123E221579B0E00A94797 /* SF-UI-Text-LightItalic.otf */ = {isa = PBXFileReference; lastKnownFileType = file; path = "SF-UI-Text-LightItalic.otf"; sourceTree = "<group>"; };
		45B123E321579B0E00A94797 /* SF-UI-Text-Medium.otf */ = {isa = PBXFileReference; lastKnownFileType = file; path = "SF-UI-Text-Medium.otf"; sourceTree = "<group>"; };
		45B123E421579B0E00A94797 /* SF-UI-Text-Heavy.otf */ = {isa = PBXFileReference; lastKnownFileType = file; path = "SF-UI-Text-Heavy.otf"; sourceTree = "<group>"; };
		45B123E521579B0E00A94797 /* SF-UI-Display-Thin.otf */ = {isa = PBXFileReference; lastKnownFileType = file; path = "SF-UI-Display-Thin.otf"; sourceTree = "<group>"; };
		45B123E621579B0E00A94797 /* SF-UI-Text-Semibold.otf */ = {isa = PBXFileReference; lastKnownFileType = file; path = "SF-UI-Text-Semibold.otf"; sourceTree = "<group>"; };
		45B123E821579B0E00A94797 /* Monotype  - CenturyGothicStd.otf */ = {isa = PBXFileReference; lastKnownFileType = file; path = "Monotype  - CenturyGothicStd.otf"; sourceTree = "<group>"; };
		45B123E921579B0E00A94797 /* Monotype  - Century Gothic Bold.ttf */ = {isa = PBXFileReference; lastKnownFileType = file; path = "Monotype  - Century Gothic Bold.ttf"; sourceTree = "<group>"; };
/* End PBXFileReference section */

/* Begin PBXFrameworksBuildPhase section */
		45B1239621579B0E00A94797 /* Frameworks */ = {
			isa = PBXFrameworksBuildPhase;
			buildActionMask = 2147483647;
			files = (
			);
			runOnlyForDeploymentPostprocessing = 0;
		};
/* End PBXFrameworksBuildPhase section */

/* Begin PBXGroup section */
		45B1239021579B0E00A94797 = {
			isa = PBXGroup;
			children = (
				45B1239B21579B0E00A94797 /* Scientist for the Day */,
				45B1239A21579B0E00A94797 /* Products */,
			);
			sourceTree = "<group>";
		};
		45B1239A21579B0E00A94797 /* Products */ = {
			isa = PBXGroup;
			children = (
				45B1239921579B0E00A94797 /* Scientist for the Day.app */,
			);
			name = Products;
			sourceTree = "<group>";
		};
		45B1239B21579B0E00A94797 /* Scientist for the Day */ = {
			isa = PBXGroup;
			children = (
				45B123D721579B0E00A94797 /* Fonts */,
				45B1239C21579B0E00A94797 /* AppDelegate.swift */,
				45B1239E21579B0E00A94797 /* ScientistListingController.swift */,
				45B123B021579B0E00A94797 /* DayCell.swift */,
				45B123AE21579B0E00A94797 /* ScientistOfTheDayCell.swift */,
				45B123A021579B0E00A94797 /* Main.storyboard */,
				45B123A321579B0E00A94797 /* Assets.xcassets */,
				45B123A521579B0E00A94797 /* LaunchScreen.storyboard */,
				45B123A821579B0E00A94797 /* Info.plist */,
				45B123D521579B0E00A94797 /* FontHelper.swift */,
			);
			path = "Scientist for the Day";
			sourceTree = "<group>";
		};
		45B123D721579B0E00A94797 /* Fonts */ = {
			isa = PBXGroup;
			children = (
				45B123D821579B0E00A94797 /* SanFransico */,
				45B123E721579B0E00A94797 /* Century */,
			);
			path = Fonts;
			sourceTree = "<group>";
		};
		45B123D821579B0E00A94797 /* SanFransico */ = {
			isa = PBXGroup;
			children = (
				45B123D921579B0E00A94797 /* SF-UI-Text-SemiboldItalic.otf */,
				45B123DA21579B0E00A94797 /* SF-UI-Text-RegularItalic.otf */,
				45B123DB21579B0E00A94797 /* SF-UI-Display-Ultralight.otf */,
				45B123DC21579B0E00A94797 /* SF-UI-Text-Bold.otf */,
				45B123DD21579B0E00A94797 /* SF-UI-Text-Regular.otf */,
				45B123DE21579B0E00A94797 /* SF-UI-Text-BoldItalic.otf */,
				45B123DF21579B0E00A94797 /* SF-UI-Text-Light.otf */,
				45B123E021579B0E00A94797 /* SF-UI-Text-MediumItalic.otf */,
				45B123E121579B0E00A94797 /* SF-UI-Text-HeavyItalic.otf */,
				45B123E221579B0E00A94797 /* SF-UI-Text-LightItalic.otf */,
				45B123E321579B0E00A94797 /* SF-UI-Text-Medium.otf */,
				45B123E421579B0E00A94797 /* SF-UI-Text-Heavy.otf */,
				45B123E521579B0E00A94797 /* SF-UI-Display-Thin.otf */,
				45B123E621579B0E00A94797 /* SF-UI-Text-Semibold.otf */,
			);
			path = SanFransico;
			sourceTree = "<group>";
		};
		45B123E721579B0E00A94797 /* Century */ = {
			isa = PBXGroup;
			children = (
				45B123E821579B0E00A94797 /* Monotype  - CenturyGothicStd.otf */,
				45B123E921579B0E00A94797 /* Monotype  - Century Gothic Bold.ttf */,
			);
			path = Century;
			sourceTree = "<group>";
		};
/* End PBXGroup section */

/* Begin PBXNativeTarget section */
		45B1239821579B0E00A94797 /* Scientist for the Day */ = {
			isa = PBXNativeTarget;
			buildConfigurationList = 45B123AB21579B0E00A94797 /* Build configuration list for PBXNativeTarget "Scientist for the Day" */;
			buildPhases = (
				45B1239521579B0E00A94797 /* Sources */,
				45B1239621579B0E00A94797 /* Frameworks */,
				45B1239721579B0E00A94797 /* Resources */,
			);
			buildRules = (
			);
			dependencies = (
			);
			name = "Scientist for the Day";
			productName = "Scientist for the Day";
			productReference = 45B1239921579B0E00A94797 /* Scientist for the Day.app */;
			productType = "com.apple.product-type.application";
		};
/* End PBXNativeTarget section */

/* Begin PBXProject section */
		45B1239121579B0E00A94797 /* Project object */ = {
			isa = PBXProject;
			attributes = {
				LastSwiftUpdateCheck = 1000;
				LastUpgradeCheck = 1000;
				ORGANIZATIONNAME = "Deekshith Bellare";
				TargetAttributes = {
					45B1239821579B0E00A94797 = {
						CreatedOnToolsVersion = 10.0;
					};
				};
			};
			buildConfigurationList = 45B1239421579B0E00A94797 /* Build configuration list for PBXProject "Scientist for the Day" */;
			compatibilityVersion = "Xcode 9.3";
			developmentRegion = en;
			hasScannedForEncodings = 0;
			knownRegions = (
				en,
				Base,
			);
			mainGroup = 45B1239021579B0E00A94797;
			productRefGroup = 45B1239A21579B0E00A94797 /* Products */;
			projectDirPath = "";
			projectRoot = "";
			targets = (
				45B1239821579B0E00A94797 /* Scientist for the Day */,
			);
		};
/* End PBXProject section */

/* Begin PBXResourcesBuildPhase section */
		45B1239721579B0E00A94797 /* Resources */ = {
			isa = PBXResourcesBuildPhase;
			buildActionMask = 2147483647;
			files = (
				45B123F021579B0E00A94797 /* SF-UI-Text-Light.otf in Resources */,
				45B123F921579B0E00A94797 /* Monotype  - Century Gothic Bold.ttf in Resources */,
				45B123F321579B0E00A94797 /* SF-UI-Text-LightItalic.otf in Resources */,
				45B123EA21579B0E00A94797 /* SF-UI-Text-SemiboldItalic.otf in Resources */,
				45B123F521579B0E00A94797 /* SF-UI-Text-Heavy.otf in Resources */,
				45B123F621579B0E00A94797 /* SF-UI-Display-Thin.otf in Resources */,
				45B123ED21579B0E00A94797 /* SF-UI-Text-Bold.otf in Resources */,
				45B123F821579B0E00A94797 /* Monotype  - CenturyGothicStd.otf in Resources */,
				45B123F221579B0E00A94797 /* SF-UI-Text-HeavyItalic.otf in Resources */,
				45B123EE21579B0E00A94797 /* SF-UI-Text-Regular.otf in Resources */,
				45B123EC21579B0E00A94797 /* SF-UI-Display-Ultralight.otf in Resources */,
				45B123A721579B0E00A94797 /* LaunchScreen.storyboard in Resources */,
				45B123EB21579B0E00A94797 /* SF-UI-Text-RegularItalic.otf in Resources */,
				45B123A421579B0E00A94797 /* Assets.xcassets in Resources */,
				45B123EF21579B0E00A94797 /* SF-UI-Text-BoldItalic.otf in Resources */,
				45B123A221579B0E00A94797 /* Main.storyboard in Resources */,
				45B123F421579B0E00A94797 /* SF-UI-Text-Medium.otf in Resources */,
				45B123F121579B0E00A94797 /* SF-UI-Text-MediumItalic.otf in Resources */,
				45B123F721579B0E00A94797 /* SF-UI-Text-Semibold.otf in Resources */,
			);
			runOnlyForDeploymentPostprocessing = 0;
		};
/* End PBXResourcesBuildPhase section */

/* Begin PBXSourcesBuildPhase section */
		45B1239521579B0E00A94797 /* Sources */ = {
			isa = PBXSourcesBuildPhase;
			buildActionMask = 2147483647;
			files = (
				45B1239F21579B0E00A94797 /* ScientistListingController.swift in Sources */,
				45B123D621579B0E00A94797 /* FontHelper.swift in Sources */,
				45B1239D21579B0E00A94797 /* AppDelegate.swift in Sources */,
				45B123B121579B0E00A94797 /* DayCell.swift in Sources */,
				45B123AF21579B0E00A94797 /* ScientistOfTheDayCell.swift in Sources */,
			);
			runOnlyForDeploymentPostprocessing = 0;
		};
/* End PBXSourcesBuildPhase section */

/* Begin PBXVariantGroup section */
		45B123A021579B0E00A94797 /* Main.storyboard */ = {
			isa = PBXVariantGroup;
			children = (
				45B123A121579B0E00A94797 /* Base */,
			);
			name = Main.storyboard;
			sourceTree = "<group>";
		};
		45B123A521579B0E00A94797 /* LaunchScreen.storyboard */ = {
			isa = PBXVariantGroup;
			children = (
				45B123A621579B0E00A94797 /* Base */,
			);
			name = LaunchScreen.storyboard;
			sourceTree = "<group>";
		};
/* End PBXVariantGroup section */

/* Begin XCBuildConfiguration section */
		45B123A921579B0E00A94797 /* Debug */ = {
			isa = XCBuildConfiguration;
			buildSettings = {
				ALWAYS_SEARCH_USER_PATHS = NO;
				CLANG_ANALYZER_NONNULL = YES;
				CLANG_ANALYZER_NUMBER_OBJECT_CONVERSION = YES_AGGRESSIVE;
				CLANG_CXX_LANGUAGE_STANDARD = "gnu++14";
				CLANG_CXX_LIBRARY = "libc++";
				CLANG_ENABLE_MODULES = YES;
				CLANG_ENABLE_OBJC_ARC = YES;
				CLANG_ENABLE_OBJC_WEAK = YES;
				CLANG_WARN_BLOCK_CAPTURE_AUTORELEASING = YES;
				CLANG_WARN_BOOL_CONVERSION = YES;
				CLANG_WARN_COMMA = YES;
				CLANG_WARN_CONSTANT_CONVERSION = YES;
				CLANG_WARN_DEPRECATED_OBJC_IMPLEMENTATIONS = YES;
				CLANG_WARN_DIRECT_OBJC_ISA_USAGE = YES_ERROR;
				CLANG_WARN_DOCUMENTATION_COMMENTS = YES;
				CLANG_WARN_EMPTY_BODY = YES;
				CLANG_WARN_ENUM_CONVERSION = YES;
				CLANG_WARN_INFINITE_RECURSION = YES;
				CLANG_WARN_INT_CONVERSION = YES;
				CLANG_WARN_NON_LITERAL_NULL_CONVERSION = YES;
				CLANG_WARN_OBJC_IMPLICIT_RETAIN_SELF = YES;
				CLANG_WARN_OBJC_LITERAL_CONVERSION = YES;
				CLANG_WARN_OBJC_ROOT_CLASS = YES_ERROR;
				CLANG_WARN_RANGE_LOOP_ANALYSIS = YES;
				CLANG_WARN_STRICT_PROTOTYPES = YES;
				CLANG_WARN_SUSPICIOUS_MOVE = YES;
				CLANG_WARN_UNGUARDED_AVAILABILITY = YES_AGGRESSIVE;
				CLANG_WARN_UNREACHABLE_CODE = YES;
				CLANG_WARN__DUPLICATE_METHOD_MATCH = YES;
				CODE_SIGN_IDENTITY = "iPhone Developer";
				COPY_PHASE_STRIP = NO;
				DEBUG_INFORMATION_FORMAT = dwarf;
				ENABLE_STRICT_OBJC_MSGSEND = YES;
				ENABLE_TESTABILITY = YES;
				GCC_C_LANGUAGE_STANDARD = gnu11;
				GCC_DYNAMIC_NO_PIC = NO;
				GCC_NO_COMMON_BLOCKS = YES;
				GCC_OPTIMIZATION_LEVEL = 0;
				GCC_PREPROCESSOR_DEFINITIONS = (
					"DEBUG=1",
					"$(inherited)",
				);
				GCC_WARN_64_TO_32_BIT_CONVERSION = YES;
				GCC_WARN_ABOUT_RETURN_TYPE = YES_ERROR;
				GCC_WARN_UNDECLARED_SELECTOR = YES;
				GCC_WARN_UNINITIALIZED_AUTOS = YES_AGGRESSIVE;
				GCC_WARN_UNUSED_FUNCTION = YES;
				GCC_WARN_UNUSED_VARIABLE = YES;
				IPHONEOS_DEPLOYMENT_TARGET = 12.0;
				MTL_ENABLE_DEBUG_INFO = INCLUDE_SOURCE;
				MTL_FAST_MATH = YES;
				ONLY_ACTIVE_ARCH = YES;
				SDKROOT = iphoneos;
				SWIFT_ACTIVE_COMPILATION_CONDITIONS = DEBUG;
				SWIFT_OPTIMIZATION_LEVEL = "-Onone";
			};
			name = Debug;
		};
		45B123AA21579B0E00A94797 /* Release */ = {
			isa = XCBuildConfiguration;
			buildSettings = {
				ALWAYS_SEARCH_USER_PATHS = NO;
				CLANG_ANALYZER_NONNULL = YES;
				CLANG_ANALYZER_NUMBER_OBJECT_CONVERSION = YES_AGGRESSIVE;
				CLANG_CXX_LANGUAGE_STANDARD = "gnu++14";
				CLANG_CXX_LIBRARY = "libc++";
				CLANG_ENABLE_MODULES = YES;
				CLANG_ENABLE_OBJC_ARC = YES;
				CLANG_ENABLE_OBJC_WEAK = YES;
				CLANG_WARN_BLOCK_CAPTURE_AUTORELEASING = YES;
				CLANG_WARN_BOOL_CONVERSION = YES;
				CLANG_WARN_COMMA = YES;
				CLANG_WARN_CONSTANT_CONVERSION = YES;
				CLANG_WARN_DEPRECATED_OBJC_IMPLEMENTATIONS = YES;
				CLANG_WARN_DIRECT_OBJC_ISA_USAGE = YES_ERROR;
				CLANG_WARN_DOCUMENTATION_COMMENTS = YES;
				CLANG_WARN_EMPTY_BODY = YES;
				CLANG_WARN_ENUM_CONVERSION = YES;
				CLANG_WARN_INFINITE_RECURSION = YES;
				CLANG_WARN_INT_CONVERSION = YES;
				CLANG_WARN_NON_LITERAL_NULL_CONVERSION = YES;
				CLANG_WARN_OBJC_IMPLICIT_RETAIN_SELF = YES;
				CLANG_WARN_OBJC_LITERAL_CONVERSION = YES;
				CLANG_WARN_OBJC_ROOT_CLASS = YES_ERROR;
				CLANG_WARN_RANGE_LOOP_ANALYSIS = YES;
				CLANG_WARN_STRICT_PROTOTYPES = YES;
				CLANG_WARN_SUSPICIOUS_MOVE = YES;
				CLANG_WARN_UNGUARDED_AVAILABILITY = YES_AGGRESSIVE;
				CLANG_WARN_UNREACHABLE_CODE = YES;
				CLANG_WARN__DUPLICATE_METHOD_MATCH = YES;
				CODE_SIGN_IDENTITY = "iPhone Developer";
				COPY_PHASE_STRIP = NO;
				DEBUG_INFORMATION_FORMAT = "dwarf-with-dsym";
				ENABLE_NS_ASSERTIONS = NO;
				ENABLE_STRICT_OBJC_MSGSEND = YES;
				GCC_C_LANGUAGE_STANDARD = gnu11;
				GCC_NO_COMMON_BLOCKS = YES;
				GCC_WARN_64_TO_32_BIT_CONVERSION = YES;
				GCC_WARN_ABOUT_RETURN_TYPE = YES_ERROR;
				GCC_WARN_UNDECLARED_SELECTOR = YES;
				GCC_WARN_UNINITIALIZED_AUTOS = YES_AGGRESSIVE;
				GCC_WARN_UNUSED_FUNCTION = YES;
				GCC_WARN_UNUSED_VARIABLE = YES;
				IPHONEOS_DEPLOYMENT_TARGET = 12.0;
				MTL_ENABLE_DEBUG_INFO = NO;
				MTL_FAST_MATH = YES;
				SDKROOT = iphoneos;
				SWIFT_COMPILATION_MODE = wholemodule;
				SWIFT_OPTIMIZATION_LEVEL = "-O";
				VALIDATE_PRODUCT = YES;
			};
			name = Release;
		};
		45B123AC21579B0E00A94797 /* Debug */ = {
			isa = XCBuildConfiguration;
			buildSettings = {
				ASSETCATALOG_COMPILER_APPICON_NAME = AppIcon;
				CODE_SIGN_STYLE = Automatic;
				INFOPLIST_FILE = "Scientist for the Day/Info.plist";
				LD_RUNPATH_SEARCH_PATHS = (
					"$(inherited)",
					"@executable_path/Frameworks",
				);
				PRODUCT_BUNDLE_IDENTIFIER = "com.deekshth.codes.Scientist-for-the-Day";
				PRODUCT_NAME = "$(TARGET_NAME)";
				SWIFT_VERSION = 4.2;
				TARGETED_DEVICE_FAMILY = "1,2";
			};
			name = Debug;
		};
		45B123AD21579B0E00A94797 /* Release */ = {
			isa = XCBuildConfiguration;
			buildSettings = {
				ASSETCATALOG_COMPILER_APPICON_NAME = AppIcon;
				CODE_SIGN_STYLE = Automatic;
				INFOPLIST_FILE = "Scientist for the Day/Info.plist";
				LD_RUNPATH_SEARCH_PATHS = (
					"$(inherited)",
					"@executable_path/Frameworks",
				);
				PRODUCT_BUNDLE_IDENTIFIER = "com.deekshth.codes.Scientist-for-the-Day";
				PRODUCT_NAME = "$(TARGET_NAME)";
				SWIFT_VERSION = 4.2;
				TARGETED_DEVICE_FAMILY = "1,2";
			};
			name = Release;
		};
/* End XCBuildConfiguration section */

/* Begin XCConfigurationList section */
		45B1239421579B0E00A94797 /* Build configuration list for PBXProject "Scientist for the Day" */ = {
			isa = XCConfigurationList;
			buildConfigurations = (
				45B123A921579B0E00A94797 /* Debug */,
				45B123AA21579B0E00A94797 /* Release */,
			);
			defaultConfigurationIsVisible = 0;
			defaultConfigurationName = Release;
		};
		45B123AB21579B0E00A94797 /* Build configuration list for PBXNativeTarget "Scientist for the Day" */ = {
			isa = XCConfigurationList;
			buildConfigurations = (
				45B123AC21579B0E00A94797 /* Debug */,
				45B123AD21579B0E00A94797 /* Release */,
			);
			defaultConfigurationIsVisible = 0;
			defaultConfigurationName = Release;
		};
/* End XCConfigurationList section */
	};
	rootObject = 45B1239121579B0E00A94797 /* Project object */;
}
